
Microsoft Visual Studio Solution File, Format Version 12.00
# Visual Studio 15
VisualStudioVersion = 15.0.28307.421
MinimumVisualStudioVersion = 10.0.40219.1
Project("{FAE04EC0-301F-11D3-BF4B-00C04F79EFBC}") = "GameBlogApplication", "GameBlogApplication\GameBlogApplication.csproj", "{8B918C63-A9AC-4EAA-95B1-FB8835376070}"
EndProject
Project("{FAE04EC0-301F-11D3-BF4B-00C04F79EFBC}") = "GameBlogApplication.Tests", "GameBlogApplication.Tests\GameBlogApplication.Tests.csproj", "{C0BCD9DC-63E0-4330-B91C-A935FC181913}"
EndProject
Global
	GlobalSection(SolutionConfigurationPlatforms) = preSolution
		Debug|Any CPU = Debug|Any CPU
		Release|Any CPU = Release|Any CPU
	EndGlobalSection
	GlobalSection(ProjectConfigurationPlatforms) = postSolution
		{8B918C63-A9AC-4EAA-95B1-FB8835376070}.Debug|Any CPU.ActiveCfg = Debug|Any CPU
		{8B918C63-A9AC-4EAA-95B1-FB8835376070}.Debug|Any CPU.Build.0 = Debug|Any CPU
		{8B918C63-A9AC-4EAA-95B1-FB8835376070}.Release|Any CPU.ActiveCfg = Release|Any CPU
		{8B918C63-A9AC-4EAA-95B1-FB8835376070}.Release|Any CPU.Build.0 = Release|Any CPU
		{C0BCD9DC-63E0-4330-B91C-A935FC181913}.Debug|Any CPU.ActiveCfg = Debug|Any CPU
		{C0BCD9DC-63E0-4330-B91C-A935FC181913}.Debug|Any CPU.Build.0 = Debug|Any CPU
		{C0BCD9DC-63E0-4330-B91C-A935FC181913}.Release|Any CPU.ActiveCfg = Release|Any CPU
		{C0BCD9DC-63E0-4330-B91C-A935FC181913}.Release|Any CPU.Build.0 = Release|Any CPU
	EndGlobalSection
	GlobalSection(SolutionProperties) = preSolution
		HideSolutionNode = FALSE
	EndGlobalSection
	GlobalSection(ExtensibilityGlobals) = postSolution
		SolutionGuid = {9338EC4D-9C77-4F11-B8E5-E091495329EF}
	EndGlobalSection
EndGlobal
